
Microsoft Visual Studio Solution File, Format Version 12.00
# Visual Studio Version 17
VisualStudioVersion = 17.5.33516.290
MinimumVisualStudioVersion = 10.0.40219.1
Project("{FAE04EC0-301F-11D3-BF4B-00C04F79EFBC}") = "WPFBasics1", "WPFBasics1\WPFBasics1.csproj", "{DAF5D029-C680-46CC-A36F-FD08EB0B6625}"
EndProject
Global
	GlobalSection(SolutionConfigurationPlatforms) = preSolution
		Debug|Any CPU = Debug|Any CPU
		Release|Any CPU = Release|Any CPU
	EndGlobalSection
	GlobalSection(ProjectConfigurationPlatforms) = postSolution
		{DAF5D029-C680-46CC-A36F-FD08EB0B6625}.Debug|Any CPU.ActiveCfg = Debug|Any CPU
		{DAF5D029-C680-46CC-A36F-FD08EB0B6625}.Debug|Any CPU.Build.0 = Debug|Any CPU
		{DAF5D029-C680-46CC-A36F-FD08EB0B6625}.Release|Any CPU.ActiveCfg = Release|Any CPU
		{DAF5D029-C680-46CC-A36F-FD08EB0B6625}.Release|Any CPU.Build.0 = Release|Any CPU
	EndGlobalSection
	GlobalSection(SolutionProperties) = preSolution
		HideSolutionNode = FALSE
	EndGlobalSection
	GlobalSection(ExtensibilityGlobals) = postSolution
		SolutionGuid = {8015A1B1-70C1-4AE8-B75C-A311E87D301F}
	EndGlobalSection
EndGlobal
